
Microsoft Visual Studio Solution File, Format Version 12.00
# Visual Studio Version 17
VisualStudioVersion = 17.5.33530.505
MinimumVisualStudioVersion = 10.0.40219.1
Project("{2150E333-8FDC-42A3-9474-1A3956D46DE8}") = "Solution Items", "Solution Items", "{259392F6-1F5C-419F-BACE-CDC704E207F4}"
	ProjectSection(SolutionItems) = preProject
		.editorconfig = .editorconfig
		Directory.Build.props = Directory.Build.props
		..\.config\dotnet-tools.json = ..\.config\dotnet-tools.json
		global.json = global.json
		..\README.md = ..\README.md
	EndProjectSection
EndProject
Project("{9A19103F-16F7-4668-BE54-9A1E7A4F7556}") = "Dazinator.Extensions.Configuration.Tests", "Dazinator.Extensions.Configuration.Tests\Dazinator.Extensions.Configuration.Tests.csproj", "{7AEE121E-6A71-490E-BFA3-966DE4989F8A}"
EndProject
Project("{9A19103F-16F7-4668-BE54-9A1E7A4F7556}") = "Dazinator.Extensions.Configuration.Async", "Dazinator.Extensions.Configuration.Async\Dazinator.Extensions.Configuration.Async.csproj", "{4FB33C82-1694-43B2-AAF1-08C8AE500188}"
EndProject
Project("{9A19103F-16F7-4668-BE54-9A1E7A4F7556}") = "Dazinator.Extensions.Configuration.SqlServer", "Dazinator.Extensions.Configuration.SqlServer\Dazinator.Extensions.Configuration.SqlServer.csproj", "{5F4CBF03-3C27-4E59-B460-40CA15178F8E}"
EndProject
Project("{FAE04EC0-301F-11D3-BF4B-00C04F79EFBC}") = "Dazinator.Extensions.Configuration.AdoNetAsync", "Dazinator.Extensions.Configuration.AdoNetAsync\Dazinator.Extensions.Configuration.AdoNetAsync.csproj", "{1686E756-D01C-4F8A-AFC1-B0D03A8FD445}"
EndProject
Global
	GlobalSection(SolutionConfigurationPlatforms) = preSolution
		Debug|Any CPU = Debug|Any CPU
		Release|Any CPU = Release|Any CPU
	EndGlobalSection
	GlobalSection(ProjectConfigurationPlatforms) = postSolution
		{7AEE121E-6A71-490E-BFA3-966DE4989F8A}.Debug|Any CPU.ActiveCfg = Debug|Any CPU
		{7AEE121E-6A71-490E-BFA3-966DE4989F8A}.Debug|Any CPU.Build.0 = Debug|Any CPU
		{7AEE121E-6A71-490E-BFA3-966DE4989F8A}.Release|Any CPU.ActiveCfg = Release|Any CPU
		{7AEE121E-6A71-490E-BFA3-966DE4989F8A}.Release|Any CPU.Build.0 = Release|Any CPU
		{4FB33C82-1694-43B2-AAF1-08C8AE500188}.Debug|Any CPU.ActiveCfg = Debug|Any CPU
		{4FB33C82-1694-43B2-AAF1-08C8AE500188}.Debug|Any CPU.Build.0 = Debug|Any CPU
		{4FB33C82-1694-43B2-AAF1-08C8AE500188}.Release|Any CPU.ActiveCfg = Release|Any CPU
		{4FB33C82-1694-43B2-AAF1-08C8AE500188}.Release|Any CPU.Build.0 = Release|Any CPU
		{5F4CBF03-3C27-4E59-B460-40CA15178F8E}.Debug|Any CPU.ActiveCfg = Debug|Any CPU
		{5F4CBF03-3C27-4E59-B460-40CA15178F8E}.Debug|Any CPU.Build.0 = Debug|Any CPU
		{5F4CBF03-3C27-4E59-B460-40CA15178F8E}.Release|Any CPU.ActiveCfg = Release|Any CPU
		{5F4CBF03-3C27-4E59-B460-40CA15178F8E}.Release|Any CPU.Build.0 = Release|Any CPU
		{1686E756-D01C-4F8A-AFC1-B0D03A8FD445}.Debug|Any CPU.ActiveCfg = Debug|Any CPU
		{1686E756-D01C-4F8A-AFC1-B0D03A8FD445}.Debug|Any CPU.Build.0 = Debug|Any CPU
		{1686E756-D01C-4F8A-AFC1-B0D03A8FD445}.Release|Any CPU.ActiveCfg = Release|Any CPU
		{1686E756-D01C-4F8A-AFC1-B0D03A8FD445}.Release|Any CPU.Build.0 = Release|Any CPU
	EndGlobalSection
	GlobalSection(SolutionProperties) = preSolution
		HideSolutionNode = FALSE
	EndGlobalSection
	GlobalSection(ExtensibilityGlobals) = postSolution
		SolutionGuid = {2A31362B-A2F1-4CE5-AB98-AC0630955441}
	EndGlobalSection
EndGlobal
